
Microsoft Visual Studio Solution File, Format Version 12.00
# Visual Studio Version 17
VisualStudioVersion = 17.8.34330.188
MinimumVisualStudioVersion = 10.0.40219.1
Project("{2150E333-8FDC-42A3-9474-1A3956D46DE8}") = "Services", "Services", "{A21C9570-2653-4248-943F-048EFE456C62}"
EndProject
Project("{2150E333-8FDC-42A3-9474-1A3956D46DE8}") = "Gateways", "Gateways", "{343EEC60-FEE4-4C24-AF8B-3E08DA1D102A}"
EndProject
Project("{2150E333-8FDC-42A3-9474-1A3956D46DE8}") = "Common", "Common", "{854D269A-49EE-403D-B333-4942B11776FF}"
EndProject
Project("{2150E333-8FDC-42A3-9474-1A3956D46DE8}") = "Core", "Core", "{1EE679FD-9F9D-464B-A29E-B97E23FEEF25}"
EndProject
Project("{2150E333-8FDC-42A3-9474-1A3956D46DE8}") = "Delivery", "Delivery", "{9AEA1814-A396-473F-972F-8BDC49E010DE}"
EndProject
Project("{2150E333-8FDC-42A3-9474-1A3956D46DE8}") = "Service.Gateway", "Service.Gateway", "{86D7DB59-F7FF-451C-A693-CEB318390841}"
EndProject
Project("{2150E333-8FDC-42A3-9474-1A3956D46DE8}") = "Web.Gateway", "Web.Gateway", "{5890E57E-4CE3-4562-9352-2D4558074953}"
EndProject
Project("{9A19103F-16F7-4668-BE54-9A1E7A4F7556}") = "Service.Gateway.Api", "Gateways\Service.Gateway.Api\Service.Gateway.Api.csproj", "{01A7E6AB-AB5F-46C8-B268-D6D3965E61F1}"
EndProject
Project("{9A19103F-16F7-4668-BE54-9A1E7A4F7556}") = "Web.Gateway.Api", "Gateways\Web.Gateway.Api\Web.Gateway.Api.csproj", "{58BDCB93-E762-469C-9ABB-BE317BE21A88}"
EndProject
Project("{9A19103F-16F7-4668-BE54-9A1E7A4F7556}") = "Services.Common", "Services\Common\Services.Common\Services.Common.csproj", "{DA20E6F3-E031-4150-B0E9-6402D92E45E3}"
EndProject
Project("{9A19103F-16F7-4668-BE54-9A1E7A4F7556}") = "Core.Domain", "Services\Core\Core.Domain\Core.Domain.csproj", "{5D8B167E-FE0D-469E-BE89-AD6D4E9CB0FF}"
EndProject
Project("{9A19103F-16F7-4668-BE54-9A1E7A4F7556}") = "Core.Application", "Services\Core\Core.Application\Core.Application.csproj", "{AF2BA2D2-89E7-4C83-A42B-8226534F6399}"
EndProject
Project("{9A19103F-16F7-4668-BE54-9A1E7A4F7556}") = "Core.Infrastructure.Persistence", "Services\Core\Core.Infrastructure.Persistence\Core.Infrastructure.Persistence.csproj", "{B49A5D1A-4B0A-4EDA-A3AD-F07380992578}"
EndProject
Project("{9A19103F-16F7-4668-BE54-9A1E7A4F7556}") = "Core.Api", "Services\Core\Core.Api\Core.Api.csproj", "{51655C99-F3A9-42E3-BCE9-0DCEFE9674AE}"
EndProject
Project("{2150E333-8FDC-42A3-9474-1A3956D46DE8}") = "Solution Items", "Solution Items", "{2A10EA3A-CA78-44F5-A55C-CDFE1F03D071}"
	ProjectSection(SolutionItems) = preProject
		Directory.Build.props = Directory.Build.props
		Directory.Packages.props = Directory.Packages.props
	EndProjectSection
EndProject
Project("{2150E333-8FDC-42A3-9474-1A3956D46DE8}") = "Tests", "Tests", "{227B31FA-6938-4209-89E1-C223FB091B56}"
EndProject
Project("{9A19103F-16F7-4668-BE54-9A1E7A4F7556}") = "ArchitectureTests", "Tests\ArchitectureTests\ArchitectureTests.csproj", "{606E9E16-C2E2-4EBA-ADDF-3B66B328F95F}"
EndProject
Project("{9A19103F-16F7-4668-BE54-9A1E7A4F7556}") = "Services.Common.Presentation", "Services\Common\Services.Common.Presentation\Services.Common.Presentation.csproj", "{181385FB-A067-41DC-B344-3EFAEA5F8A3F}"
EndProject
Project("{9A19103F-16F7-4668-BE54-9A1E7A4F7556}") = "Core.Infrastructure", "Services\Core\Core.Infrastructure\Core.Infrastructure.csproj", "{177DE666-F31F-417D-B239-73BA95F620BD}"
EndProject
Project("{9A19103F-16F7-4668-BE54-9A1E7A4F7556}") = "Core.UnitTests", "Tests\Core.UnitTests\Core.UnitTests.csproj", "{C1D133FB-3530-453E-9A78-A36113AB4AFE}"
EndProject
Global
	GlobalSection(SolutionConfigurationPlatforms) = preSolution
		Debug|Any CPU = Debug|Any CPU
		Release|Any CPU = Release|Any CPU
	EndGlobalSection
	GlobalSection(ProjectConfigurationPlatforms) = postSolution
		{01A7E6AB-AB5F-46C8-B268-D6D3965E61F1}.Debug|Any CPU.ActiveCfg = Debug|Any CPU
		{01A7E6AB-AB5F-46C8-B268-D6D3965E61F1}.Debug|Any CPU.Build.0 = Debug|Any CPU
		{01A7E6AB-AB5F-46C8-B268-D6D3965E61F1}.Release|Any CPU.ActiveCfg = Release|Any CPU
		{01A7E6AB-AB5F-46C8-B268-D6D3965E61F1}.Release|Any CPU.Build.0 = Release|Any CPU
		{58BDCB93-E762-469C-9ABB-BE317BE21A88}.Debug|Any CPU.ActiveCfg = Debug|Any CPU
		{58BDCB93-E762-469C-9ABB-BE317BE21A88}.Debug|Any CPU.Build.0 = Debug|Any CPU
		{58BDCB93-E762-469C-9ABB-BE317BE21A88}.Release|Any CPU.ActiveCfg = Release|Any CPU
		{58BDCB93-E762-469C-9ABB-BE317BE21A88}.Release|Any CPU.Build.0 = Release|Any CPU
		{DA20E6F3-E031-4150-B0E9-6402D92E45E3}.Debug|Any CPU.ActiveCfg = Debug|Any CPU
		{DA20E6F3-E031-4150-B0E9-6402D92E45E3}.Debug|Any CPU.Build.0 = Debug|Any CPU
		{DA20E6F3-E031-4150-B0E9-6402D92E45E3}.Release|Any CPU.ActiveCfg = Release|Any CPU
		{DA20E6F3-E031-4150-B0E9-6402D92E45E3}.Release|Any CPU.Build.0 = Release|Any CPU
		{5D8B167E-FE0D-469E-BE89-AD6D4E9CB0FF}.Debug|Any CPU.ActiveCfg = Debug|Any CPU
		{5D8B167E-FE0D-469E-BE89-AD6D4E9CB0FF}.Debug|Any CPU.Build.0 = Debug|Any CPU
		{5D8B167E-FE0D-469E-BE89-AD6D4E9CB0FF}.Release|Any CPU.ActiveCfg = Release|Any CPU
		{5D8B167E-FE0D-469E-BE89-AD6D4E9CB0FF}.Release|Any CPU.Build.0 = Release|Any CPU
		{AF2BA2D2-89E7-4C83-A42B-8226534F6399}.Debug|Any CPU.ActiveCfg = Debug|Any CPU
		{AF2BA2D2-89E7-4C83-A42B-8226534F6399}.Debug|Any CPU.Build.0 = Debug|Any CPU
		{AF2BA2D2-89E7-4C83-A42B-8226534F6399}.Release|Any CPU.ActiveCfg = Release|Any CPU
		{AF2BA2D2-89E7-4C83-A42B-8226534F6399}.Release|Any CPU.Build.0 = Release|Any CPU
		{B49A5D1A-4B0A-4EDA-A3AD-F07380992578}.Debug|Any CPU.ActiveCfg = Debug|Any CPU
		{B49A5D1A-4B0A-4EDA-A3AD-F07380992578}.Debug|Any CPU.Build.0 = Debug|Any CPU
		{B49A5D1A-4B0A-4EDA-A3AD-F07380992578}.Release|Any CPU.ActiveCfg = Release|Any CPU
		{B49A5D1A-4B0A-4EDA-A3AD-F07380992578}.Release|Any CPU.Build.0 = Release|Any CPU
		{51655C99-F3A9-42E3-BCE9-0DCEFE9674AE}.Debug|Any CPU.ActiveCfg = Debug|Any CPU
		{51655C99-F3A9-42E3-BCE9-0DCEFE9674AE}.Debug|Any CPU.Build.0 = Debug|Any CPU
		{51655C99-F3A9-42E3-BCE9-0DCEFE9674AE}.Release|Any CPU.ActiveCfg = Release|Any CPU
		{51655C99-F3A9-42E3-BCE9-0DCEFE9674AE}.Release|Any CPU.Build.0 = Release|Any CPU
		{606E9E16-C2E2-4EBA-ADDF-3B66B328F95F}.Debug|Any CPU.ActiveCfg = Debug|Any CPU
		{606E9E16-C2E2-4EBA-ADDF-3B66B328F95F}.Debug|Any CPU.Build.0 = Debug|Any CPU
		{606E9E16-C2E2-4EBA-ADDF-3B66B328F95F}.Release|Any CPU.ActiveCfg = Release|Any CPU
		{606E9E16-C2E2-4EBA-ADDF-3B66B328F95F}.Release|Any CPU.Build.0 = Release|Any CPU
		{181385FB-A067-41DC-B344-3EFAEA5F8A3F}.Debug|Any CPU.ActiveCfg = Debug|Any CPU
		{181385FB-A067-41DC-B344-3EFAEA5F8A3F}.Debug|Any CPU.Build.0 = Debug|Any CPU
		{181385FB-A067-41DC-B344-3EFAEA5F8A3F}.Release|Any CPU.ActiveCfg = Release|Any CPU
		{181385FB-A067-41DC-B344-3EFAEA5F8A3F}.Release|Any CPU.Build.0 = Release|Any CPU
		{177DE666-F31F-417D-B239-73BA95F620BD}.Debug|Any CPU.ActiveCfg = Debug|Any CPU
		{177DE666-F31F-417D-B239-73BA95F620BD}.Debug|Any CPU.Build.0 = Debug|Any CPU
		{177DE666-F31F-417D-B239-73BA95F620BD}.Release|Any CPU.ActiveCfg = Release|Any CPU
		{177DE666-F31F-417D-B239-73BA95F620BD}.Release|Any CPU.Build.0 = Release|Any CPU
		{C1D133FB-3530-453E-9A78-A36113AB4AFE}.Debug|Any CPU.ActiveCfg = Debug|Any CPU
		{C1D133FB-3530-453E-9A78-A36113AB4AFE}.Debug|Any CPU.Build.0 = Debug|Any CPU
		{C1D133FB-3530-453E-9A78-A36113AB4AFE}.Release|Any CPU.ActiveCfg = Release|Any CPU
		{C1D133FB-3530-453E-9A78-A36113AB4AFE}.Release|Any CPU.Build.0 = Release|Any CPU
	EndGlobalSection
	GlobalSection(SolutionProperties) = preSolution
		HideSolutionNode = FALSE
	EndGlobalSection
	GlobalSection(NestedProjects) = preSolution
		{854D269A-49EE-403D-B333-4942B11776FF} = {A21C9570-2653-4248-943F-048EFE456C62}
		{1EE679FD-9F9D-464B-A29E-B97E23FEEF25} = {A21C9570-2653-4248-943F-048EFE456C62}
		{9AEA1814-A396-473F-972F-8BDC49E010DE} = {A21C9570-2653-4248-943F-048EFE456C62}
		{86D7DB59-F7FF-451C-A693-CEB318390841} = {343EEC60-FEE4-4C24-AF8B-3E08DA1D102A}
		{5890E57E-4CE3-4562-9352-2D4558074953} = {343EEC60-FEE4-4C24-AF8B-3E08DA1D102A}
		{01A7E6AB-AB5F-46C8-B268-D6D3965E61F1} = {86D7DB59-F7FF-451C-A693-CEB318390841}
		{58BDCB93-E762-469C-9ABB-BE317BE21A88} = {5890E57E-4CE3-4562-9352-2D4558074953}
		{DA20E6F3-E031-4150-B0E9-6402D92E45E3} = {854D269A-49EE-403D-B333-4942B11776FF}
		{5D8B167E-FE0D-469E-BE89-AD6D4E9CB0FF} = {1EE679FD-9F9D-464B-A29E-B97E23FEEF25}
		{AF2BA2D2-89E7-4C83-A42B-8226534F6399} = {1EE679FD-9F9D-464B-A29E-B97E23FEEF25}
		{B49A5D1A-4B0A-4EDA-A3AD-F07380992578} = {1EE679FD-9F9D-464B-A29E-B97E23FEEF25}
		{51655C99-F3A9-42E3-BCE9-0DCEFE9674AE} = {1EE679FD-9F9D-464B-A29E-B97E23FEEF25}
		{606E9E16-C2E2-4EBA-ADDF-3B66B328F95F} = {227B31FA-6938-4209-89E1-C223FB091B56}
		{181385FB-A067-41DC-B344-3EFAEA5F8A3F} = {854D269A-49EE-403D-B333-4942B11776FF}
		{177DE666-F31F-417D-B239-73BA95F620BD} = {1EE679FD-9F9D-464B-A29E-B97E23FEEF25}
		{C1D133FB-3530-453E-9A78-A36113AB4AFE} = {1EE679FD-9F9D-464B-A29E-B97E23FEEF25}
	EndGlobalSection
	GlobalSection(ExtensibilityGlobals) = postSolution
		SolutionGuid = {349CF08F-95D7-463E-B73A-366654A34326}
	EndGlobalSection
EndGlobal
